
Microsoft Visual Studio Solution File, Format Version 12.00
# Visual Studio Version 17
VisualStudioVersion = 17.9.34902.65
MinimumVisualStudioVersion = 10.0.40219.1
Project("{FAE04EC0-301F-11D3-BF4B-00C04F79EFBC}") = "ParanthesesGeneration", "ParanthesesGeneration\ParanthesesGeneration.csproj", "{A00B6EF2-7AAE-462D-972D-26DCF75E30AC}"
EndProject
Global
	GlobalSection(SolutionConfigurationPlatforms) = preSolution
		Debug|Any CPU = Debug|Any CPU
		Release|Any CPU = Release|Any CPU
	EndGlobalSection
	GlobalSection(ProjectConfigurationPlatforms) = postSolution
		{A00B6EF2-7AAE-462D-972D-26DCF75E30AC}.Debug|Any CPU.ActiveCfg = Debug|Any CPU
		{A00B6EF2-7AAE-462D-972D-26DCF75E30AC}.Debug|Any CPU.Build.0 = Debug|Any CPU
		{A00B6EF2-7AAE-462D-972D-26DCF75E30AC}.Release|Any CPU.ActiveCfg = Release|Any CPU
		{A00B6EF2-7AAE-462D-972D-26DCF75E30AC}.Release|Any CPU.Build.0 = Release|Any CPU
	EndGlobalSection
	GlobalSection(SolutionProperties) = preSolution
		HideSolutionNode = FALSE
	EndGlobalSection
	GlobalSection(ExtensibilityGlobals) = postSolution
		SolutionGuid = {3FD82FAA-DE22-4F2F-81D7-4514EE8EA513}
	EndGlobalSection
EndGlobal
